
Microsoft Visual Studio Solution File, Format Version 12.00
# Visual Studio Version 16
VisualStudioVersion = 16.0.30611.23
MinimumVisualStudioVersion = 10.0.40219.1
Project("{2150E333-8FDC-42A3-9474-1A3956D46DE8}") = "Logic", "Logic", "{E4B88F4C-C3A5-4B63-9D0F-F2BDC67C0C25}"
EndProject
Project("{FAE04EC0-301F-11D3-BF4B-00C04F79EFBC}") = "LogicLayer", "LogicLayer\LogicLayer.csproj", "{C6D25CEA-717D-4D81-A0CA-A881A5195942}"
EndProject
Project("{2150E333-8FDC-42A3-9474-1A3956D46DE8}") = "Data", "Data", "{00ABEB24-79F7-423E-A1CE-835719EE31FD}"
EndProject
Project("{FAE04EC0-301F-11D3-BF4B-00C04F79EFBC}") = "DataLayer", "DataLayer\DataLayer.csproj", "{5EC36D9B-4300-498A-9413-62BF3EF99DB3}"
EndProject
Project("{2150E333-8FDC-42A3-9474-1A3956D46DE8}") = "Api", "Api", "{E07630F5-341E-432C-ADC7-356002960ED1}"
EndProject
Project("{FAE04EC0-301F-11D3-BF4B-00C04F79EFBC}") = "ApiLayer", "ApiLayer\ApiLayer.csproj", "{792BF05A-B787-42FC-8E69-0349B95692BC}"
EndProject
Project("{2150E333-8FDC-42A3-9474-1A3956D46DE8}") = "Model", "Model", "{CED66373-25E0-4ED1-A47C-E7B75D981AD3}"
EndProject
Project("{FAE04EC0-301F-11D3-BF4B-00C04F79EFBC}") = "ModelLayer", "ModelLayer\ModelLayer.csproj", "{3698D6E9-A5C3-4586-92A6-33F2EB167443}"
EndProject
Global
	GlobalSection(SolutionConfigurationPlatforms) = preSolution
		Debug|Any CPU = Debug|Any CPU
		Release|Any CPU = Release|Any CPU
	EndGlobalSection
	GlobalSection(ProjectConfigurationPlatforms) = postSolution
		{C6D25CEA-717D-4D81-A0CA-A881A5195942}.Debug|Any CPU.ActiveCfg = Debug|Any CPU
		{C6D25CEA-717D-4D81-A0CA-A881A5195942}.Debug|Any CPU.Build.0 = Debug|Any CPU
		{C6D25CEA-717D-4D81-A0CA-A881A5195942}.Release|Any CPU.ActiveCfg = Release|Any CPU
		{C6D25CEA-717D-4D81-A0CA-A881A5195942}.Release|Any CPU.Build.0 = Release|Any CPU
		{5EC36D9B-4300-498A-9413-62BF3EF99DB3}.Debug|Any CPU.ActiveCfg = Debug|Any CPU
		{5EC36D9B-4300-498A-9413-62BF3EF99DB3}.Debug|Any CPU.Build.0 = Debug|Any CPU
		{5EC36D9B-4300-498A-9413-62BF3EF99DB3}.Release|Any CPU.ActiveCfg = Release|Any CPU
		{5EC36D9B-4300-498A-9413-62BF3EF99DB3}.Release|Any CPU.Build.0 = Release|Any CPU
		{792BF05A-B787-42FC-8E69-0349B95692BC}.Debug|Any CPU.ActiveCfg = Debug|Any CPU
		{792BF05A-B787-42FC-8E69-0349B95692BC}.Debug|Any CPU.Build.0 = Debug|Any CPU
		{792BF05A-B787-42FC-8E69-0349B95692BC}.Release|Any CPU.ActiveCfg = Release|Any CPU
		{792BF05A-B787-42FC-8E69-0349B95692BC}.Release|Any CPU.Build.0 = Release|Any CPU
		{3698D6E9-A5C3-4586-92A6-33F2EB167443}.Debug|Any CPU.ActiveCfg = Debug|Any CPU
		{3698D6E9-A5C3-4586-92A6-33F2EB167443}.Debug|Any CPU.Build.0 = Debug|Any CPU
		{3698D6E9-A5C3-4586-92A6-33F2EB167443}.Release|Any CPU.ActiveCfg = Release|Any CPU
		{3698D6E9-A5C3-4586-92A6-33F2EB167443}.Release|Any CPU.Build.0 = Release|Any CPU
	EndGlobalSection
	GlobalSection(SolutionProperties) = preSolution
		HideSolutionNode = FALSE
	EndGlobalSection
	GlobalSection(NestedProjects) = preSolution
		{C6D25CEA-717D-4D81-A0CA-A881A5195942} = {E4B88F4C-C3A5-4B63-9D0F-F2BDC67C0C25}
		{5EC36D9B-4300-498A-9413-62BF3EF99DB3} = {00ABEB24-79F7-423E-A1CE-835719EE31FD}
		{792BF05A-B787-42FC-8E69-0349B95692BC} = {E07630F5-341E-432C-ADC7-356002960ED1}
		{3698D6E9-A5C3-4586-92A6-33F2EB167443} = {CED66373-25E0-4ED1-A47C-E7B75D981AD3}
	EndGlobalSection
	GlobalSection(ExtensibilityGlobals) = postSolution
		SolutionGuid = {A6CD1C58-E355-46B8-8824-761795ACA8DE}
	EndGlobalSection
EndGlobal
